
Microsoft Visual Studio Solution File, Format Version 12.00
# Visual Studio Version 17
VisualStudioVersion = 17.0.31919.166
MinimumVisualStudioVersion = 10.0.40219.1
Project("{2150E333-8FDC-42A3-9474-1A3956D46DE8}") = "Enterprise Business Rules", "Enterprise Business Rules", "{757DD227-4FB4-4751-BF85-BFCCD2E90BB8}"
EndProject
Project("{9A19103F-16F7-4668-BE54-9A1E7A4F7556}") = "NorthWind.Entities", "NorthWind.Entities\NorthWind.Entities.csproj", "{CE39418F-2ED5-49BD-8D0E-E4537A4AFFBB}"
EndProject
Project("{2150E333-8FDC-42A3-9474-1A3956D46DE8}") = "Interface Adapters", "Interface Adapters", "{72A4107B-333E-4DB4-BBB3-DB7AD0202213}"
EndProject
Project("{2150E333-8FDC-42A3-9474-1A3956D46DE8}") = "Gateways", "Gateways", "{1766D3EF-6AC1-4633-A8EA-CB6189E7DBF1}"
EndProject
Project("{2150E333-8FDC-42A3-9474-1A3956D46DE8}") = "Repositories", "Repositories", "{BF3708D1-0BFB-456C-B5EF-2DCB6CF8F9F4}"
EndProject
Project("{9A19103F-16F7-4668-BE54-9A1E7A4F7556}") = "NorthWind.EFCore.DataContexts", "NorthWind.EFCore.DataContexts\NorthWind.EFCore.DataContexts.csproj", "{74519A33-5D94-43A4-B265-3966BD20D52C}"
EndProject
Project("{FAE04EC0-301F-11D3-BF4B-00C04F79EFBC}") = "NorthWind.EFCore.Repositories", "NorthWind.EFCore.Repositories\NorthWind.EFCore.Repositories.csproj", "{822B0875-B06A-439A-8BD7-3F2A659D20F7}"
EndProject
Project("{FAE04EC0-301F-11D3-BF4B-00C04F79EFBC}") = "NorthWind.Mail", "NorthWind.Mail\NorthWind.Mail.csproj", "{3BD1B7E4-E45F-46DF-80F6-5FCE0AF35EAD}"
EndProject
Project("{FAE04EC0-301F-11D3-BF4B-00C04F79EFBC}") = "NorthWind.Loggers", "NorthWind.Loggers\NorthWind.Loggers.csproj", "{3DA085F0-6DA7-42C0-A6C1-7AD5B51D2435}"
EndProject
Global
	GlobalSection(SolutionConfigurationPlatforms) = preSolution
		Debug|Any CPU = Debug|Any CPU
		Release|Any CPU = Release|Any CPU
	EndGlobalSection
	GlobalSection(ProjectConfigurationPlatforms) = postSolution
		{CE39418F-2ED5-49BD-8D0E-E4537A4AFFBB}.Debug|Any CPU.ActiveCfg = Debug|Any CPU
		{CE39418F-2ED5-49BD-8D0E-E4537A4AFFBB}.Debug|Any CPU.Build.0 = Debug|Any CPU
		{CE39418F-2ED5-49BD-8D0E-E4537A4AFFBB}.Release|Any CPU.ActiveCfg = Release|Any CPU
		{CE39418F-2ED5-49BD-8D0E-E4537A4AFFBB}.Release|Any CPU.Build.0 = Release|Any CPU
		{74519A33-5D94-43A4-B265-3966BD20D52C}.Debug|Any CPU.ActiveCfg = Debug|Any CPU
		{74519A33-5D94-43A4-B265-3966BD20D52C}.Debug|Any CPU.Build.0 = Debug|Any CPU
		{74519A33-5D94-43A4-B265-3966BD20D52C}.Release|Any CPU.ActiveCfg = Release|Any CPU
		{74519A33-5D94-43A4-B265-3966BD20D52C}.Release|Any CPU.Build.0 = Release|Any CPU
		{822B0875-B06A-439A-8BD7-3F2A659D20F7}.Debug|Any CPU.ActiveCfg = Debug|Any CPU
		{822B0875-B06A-439A-8BD7-3F2A659D20F7}.Debug|Any CPU.Build.0 = Debug|Any CPU
		{822B0875-B06A-439A-8BD7-3F2A659D20F7}.Release|Any CPU.ActiveCfg = Release|Any CPU
		{822B0875-B06A-439A-8BD7-3F2A659D20F7}.Release|Any CPU.Build.0 = Release|Any CPU
		{3BD1B7E4-E45F-46DF-80F6-5FCE0AF35EAD}.Debug|Any CPU.ActiveCfg = Debug|Any CPU
		{3BD1B7E4-E45F-46DF-80F6-5FCE0AF35EAD}.Debug|Any CPU.Build.0 = Debug|Any CPU
		{3BD1B7E4-E45F-46DF-80F6-5FCE0AF35EAD}.Release|Any CPU.ActiveCfg = Release|Any CPU
		{3BD1B7E4-E45F-46DF-80F6-5FCE0AF35EAD}.Release|Any CPU.Build.0 = Release|Any CPU
		{3DA085F0-6DA7-42C0-A6C1-7AD5B51D2435}.Debug|Any CPU.ActiveCfg = Debug|Any CPU
		{3DA085F0-6DA7-42C0-A6C1-7AD5B51D2435}.Debug|Any CPU.Build.0 = Debug|Any CPU
		{3DA085F0-6DA7-42C0-A6C1-7AD5B51D2435}.Release|Any CPU.ActiveCfg = Release|Any CPU
		{3DA085F0-6DA7-42C0-A6C1-7AD5B51D2435}.Release|Any CPU.Build.0 = Release|Any CPU
	EndGlobalSection
	GlobalSection(SolutionProperties) = preSolution
		HideSolutionNode = FALSE
	EndGlobalSection
	GlobalSection(NestedProjects) = preSolution
		{CE39418F-2ED5-49BD-8D0E-E4537A4AFFBB} = {757DD227-4FB4-4751-BF85-BFCCD2E90BB8}
		{1766D3EF-6AC1-4633-A8EA-CB6189E7DBF1} = {72A4107B-333E-4DB4-BBB3-DB7AD0202213}
		{BF3708D1-0BFB-456C-B5EF-2DCB6CF8F9F4} = {1766D3EF-6AC1-4633-A8EA-CB6189E7DBF1}
		{74519A33-5D94-43A4-B265-3966BD20D52C} = {BF3708D1-0BFB-456C-B5EF-2DCB6CF8F9F4}
		{822B0875-B06A-439A-8BD7-3F2A659D20F7} = {BF3708D1-0BFB-456C-B5EF-2DCB6CF8F9F4}
		{3BD1B7E4-E45F-46DF-80F6-5FCE0AF35EAD} = {1766D3EF-6AC1-4633-A8EA-CB6189E7DBF1}
		{3DA085F0-6DA7-42C0-A6C1-7AD5B51D2435} = {1766D3EF-6AC1-4633-A8EA-CB6189E7DBF1}
	EndGlobalSection
	GlobalSection(ExtensibilityGlobals) = postSolution
		SolutionGuid = {14DAD711-25B7-4420-A51C-DEF12F073CA1}
	EndGlobalSection
EndGlobal
