
Microsoft Visual Studio Solution File, Format Version 12.00
# Visual Studio Version 17
VisualStudioVersion = 17.0.31919.166
MinimumVisualStudioVersion = 10.0.40219.1
Project("{2150E333-8FDC-42A3-9474-1A3956D46DE8}") = "Application Business Rules", "Application Business Rules", "{2894ED47-FE56-4ABD-AF2E-C048C5319A70}"
EndProject
Project("{9A19103F-16F7-4668-BE54-9A1E7A4F7556}") = "NorthWind.Sales.Entities", "NorthWind.Sales.Entities\NorthWind.Sales.Entities.csproj", "{F38583B5-89EE-454B-BEDC-0C65BF099832}"
EndProject
Project("{9A19103F-16F7-4668-BE54-9A1E7A4F7556}") = "NorthWind.Sales.DTOs", "NorthWind.Sales.DTOs\NorthWind.Sales.DTOs.csproj", "{F57DD483-FD82-4634-832B-B5D974B19968}"
EndProject
Project("{9A19103F-16F7-4668-BE54-9A1E7A4F7556}") = "NorthWind.Sales.Ports", "NorthWind.Sales.Ports\NorthWind.Sales.Ports.csproj", "{46DA117C-6793-4564-8FC6-38BC03B826C0}"
EndProject
Project("{9A19103F-16F7-4668-BE54-9A1E7A4F7556}") = "NorthWind.Sales.Events", "NorthWind.Sales.Events\NorthWind.Sales.Events.csproj", "{9B25081A-10B5-4FDD-A3F4-505ADAF60B86}"
EndProject
Project("{9A19103F-16F7-4668-BE54-9A1E7A4F7556}") = "NorthWind.Sales.UseCases", "NorthWind.Sales.UseCases\NorthWind.Sales.UseCases.csproj", "{2154F127-7E1A-4EC6-96DD-178E8F427E25}"
EndProject
Project("{2150E333-8FDC-42A3-9474-1A3956D46DE8}") = "Interface Adapters", "Interface Adapters", "{50C339E1-602F-4C4B-A431-31577B8D9131}"
EndProject
Project("{2150E333-8FDC-42A3-9474-1A3956D46DE8}") = "Gateways", "Gateways", "{8BFE9C35-81DD-4812-BC04-363C80C97D3C}"
EndProject
Project("{2150E333-8FDC-42A3-9474-1A3956D46DE8}") = "Respositories", "Respositories", "{4D538AE3-D1AC-407B-A1D6-809ECE9A0370}"
EndProject
Project("{FAE04EC0-301F-11D3-BF4B-00C04F79EFBC}") = "NorthWind.Sales.EFCore.Repositories", "NorthWind.Sales.EFCore.Repositories\NorthWind.Sales.EFCore.Repositories.csproj", "{9EDDEA8C-F8FF-4B34-9690-09767CABDAAA}"
EndProject
Global
	GlobalSection(SolutionConfigurationPlatforms) = preSolution
		Debug|Any CPU = Debug|Any CPU
		Release|Any CPU = Release|Any CPU
	EndGlobalSection
	GlobalSection(ProjectConfigurationPlatforms) = postSolution
		{F38583B5-89EE-454B-BEDC-0C65BF099832}.Debug|Any CPU.ActiveCfg = Debug|Any CPU
		{F38583B5-89EE-454B-BEDC-0C65BF099832}.Debug|Any CPU.Build.0 = Debug|Any CPU
		{F38583B5-89EE-454B-BEDC-0C65BF099832}.Release|Any CPU.ActiveCfg = Release|Any CPU
		{F38583B5-89EE-454B-BEDC-0C65BF099832}.Release|Any CPU.Build.0 = Release|Any CPU
		{F57DD483-FD82-4634-832B-B5D974B19968}.Debug|Any CPU.ActiveCfg = Debug|Any CPU
		{F57DD483-FD82-4634-832B-B5D974B19968}.Debug|Any CPU.Build.0 = Debug|Any CPU
		{F57DD483-FD82-4634-832B-B5D974B19968}.Release|Any CPU.ActiveCfg = Release|Any CPU
		{F57DD483-FD82-4634-832B-B5D974B19968}.Release|Any CPU.Build.0 = Release|Any CPU
		{46DA117C-6793-4564-8FC6-38BC03B826C0}.Debug|Any CPU.ActiveCfg = Debug|Any CPU
		{46DA117C-6793-4564-8FC6-38BC03B826C0}.Debug|Any CPU.Build.0 = Debug|Any CPU
		{46DA117C-6793-4564-8FC6-38BC03B826C0}.Release|Any CPU.ActiveCfg = Release|Any CPU
		{46DA117C-6793-4564-8FC6-38BC03B826C0}.Release|Any CPU.Build.0 = Release|Any CPU
		{9B25081A-10B5-4FDD-A3F4-505ADAF60B86}.Debug|Any CPU.ActiveCfg = Debug|Any CPU
		{9B25081A-10B5-4FDD-A3F4-505ADAF60B86}.Debug|Any CPU.Build.0 = Debug|Any CPU
		{9B25081A-10B5-4FDD-A3F4-505ADAF60B86}.Release|Any CPU.ActiveCfg = Release|Any CPU
		{9B25081A-10B5-4FDD-A3F4-505ADAF60B86}.Release|Any CPU.Build.0 = Release|Any CPU
		{2154F127-7E1A-4EC6-96DD-178E8F427E25}.Debug|Any CPU.ActiveCfg = Debug|Any CPU
		{2154F127-7E1A-4EC6-96DD-178E8F427E25}.Debug|Any CPU.Build.0 = Debug|Any CPU
		{2154F127-7E1A-4EC6-96DD-178E8F427E25}.Release|Any CPU.ActiveCfg = Release|Any CPU
		{2154F127-7E1A-4EC6-96DD-178E8F427E25}.Release|Any CPU.Build.0 = Release|Any CPU
		{9EDDEA8C-F8FF-4B34-9690-09767CABDAAA}.Debug|Any CPU.ActiveCfg = Debug|Any CPU
		{9EDDEA8C-F8FF-4B34-9690-09767CABDAAA}.Debug|Any CPU.Build.0 = Debug|Any CPU
		{9EDDEA8C-F8FF-4B34-9690-09767CABDAAA}.Release|Any CPU.ActiveCfg = Release|Any CPU
		{9EDDEA8C-F8FF-4B34-9690-09767CABDAAA}.Release|Any CPU.Build.0 = Release|Any CPU
	EndGlobalSection
	GlobalSection(SolutionProperties) = preSolution
		HideSolutionNode = FALSE
	EndGlobalSection
	GlobalSection(NestedProjects) = preSolution
		{F38583B5-89EE-454B-BEDC-0C65BF099832} = {2894ED47-FE56-4ABD-AF2E-C048C5319A70}
		{F57DD483-FD82-4634-832B-B5D974B19968} = {2894ED47-FE56-4ABD-AF2E-C048C5319A70}
		{46DA117C-6793-4564-8FC6-38BC03B826C0} = {2894ED47-FE56-4ABD-AF2E-C048C5319A70}
		{9B25081A-10B5-4FDD-A3F4-505ADAF60B86} = {2894ED47-FE56-4ABD-AF2E-C048C5319A70}
		{2154F127-7E1A-4EC6-96DD-178E8F427E25} = {2894ED47-FE56-4ABD-AF2E-C048C5319A70}
		{8BFE9C35-81DD-4812-BC04-363C80C97D3C} = {50C339E1-602F-4C4B-A431-31577B8D9131}
		{4D538AE3-D1AC-407B-A1D6-809ECE9A0370} = {8BFE9C35-81DD-4812-BC04-363C80C97D3C}
		{9EDDEA8C-F8FF-4B34-9690-09767CABDAAA} = {4D538AE3-D1AC-407B-A1D6-809ECE9A0370}
	EndGlobalSection
	GlobalSection(ExtensibilityGlobals) = postSolution
		SolutionGuid = {67EADAAA-F45E-47F6-BE5F-62F4DB51F3C9}
	EndGlobalSection
EndGlobal
